[[skill]]
name = "arxiv-search"
source = "https://github.com/yorkeccak/scientific-skills.git"
kind = "git"
path = "arxiv-search"
commit = "20b3d503700656f847e6de873753335bf90e63e3"
checksum = "sha256:7e5665b1d72138d28e50b371b63ee05b546bef14c16a949b1b1fc1d82bccd326"

[[skill]]
name = "complete-gaps"
source = ""
kind = "local"
checksum = "sha256:443ff47bc921a8229dbfaff528e157d227e26253968a3602e268489596e96219"

[[skill]]
name = "conference-survey"
source = ""
kind = "local"
checksum = "sha256:974601d625533b909b6aeae7dcd871268e49866d408c7a2050f68bc90b1328b8"

[[skill]]
name = "context7-cli"
source = "https://github.com/upstash/context7.git"
kind = "git"
path = "skills/context7-cli"
commit = "23843e9ce62908896cf2dcd32cc5c03c05047416"
checksum = "sha256:775d76839d2304da676d7e2a2c46997b803482c49de322c8b999d512721183e7"

[[skill]]
name = "download-ref"
source = ""
kind = "local"
checksum = "sha256:e0db0b754d5c21bd4d6035c4fa9fc4d36580c70bcbc65002b740c75a568a08ce"

[[skill]]
name = "expand-notes"
source = ""
kind = "local"
checksum = "sha256:fd31e3a8e6f725608c7fa0850bac0a653b49ad9459e0b28797d8a560981a36ee"

[[skill]]
name = "generate-issues"
source = ""
kind = "local"
checksum = "sha256:383b9196553a168c7586fa50f6c26ed05a3c4787b8681f7b8df75ae148de9c17"

[[skill]]
name = "idea-writer"
source = "https://github.com/QuantumBFS/sci-brain.git"
kind = "git"
path = "skills/idea-writer"
commit = "3b5ad792bf60ef9c323cbac487748488da58d93e"
checksum = "sha256:2d368342a751ffe127409db098fd9fe7f7d5866b42771b527e5382cbb04ad8f6"

[[skill]]
name = "ideas"
source = "https://github.com/QuantumBFS/sci-brain.git"
kind = "git"
path = "skills/ideas"
commit = "3b5ad792bf60ef9c323cbac487748488da58d93e"
checksum = "sha256:c44e782cd1d086cb9e73017229fb581d811776150046a672e15ae21819d15573"

[[skill]]
name = "integrate-paper"
source = ""
kind = "local"
checksum = "sha256:0f0be78cfb57c8c6c47d2180b1d8504a9e456f4fb4ab7eddb768af5423946826"

[[skill]]
name = "ion-cli"
source = ""
kind = "local"
checksum = "sha256:bd5d3a00554413b17ddca6c53aa2f639a7a0c5bdfd8d300126ea6a471d5d669c"

[[skill]]
name = "paper-writer"
source = "https://github.com/QuantumBFS/sci-brain.git"
kind = "git"
path = "skills/paper-writer"
commit = "3b5ad792bf60ef9c323cbac487748488da58d93e"
checksum = "sha256:2cd26f1b6d369e64736ab2c89fe6d8b9d72c1fe582a4bb37737cf45a122d094a"

[[skill]]
name = "render-site"
source = ""
kind = "local"
checksum = "sha256:767bdea27183c246b2eddbd7aba41cc8db51355ab519717af7a0a252e8eb2a53"

[[skill]]
name = "researchstyle"
source = "https://github.com/QuantumBFS/sci-brain.git"
kind = "git"
path = "skills/researchstyle"
commit = "3b5ad792bf60ef9c323cbac487748488da58d93e"
checksum = "sha256:64586766d1dff976d4c0976df8f940bbaa7492df78c1888c0b3aaaecb73928e9"

[[skill]]
name = "review-writer"
source = "https://github.com/QuantumBFS/sci-brain.git"
kind = "git"
path = "skills/review-writer"
commit = "3b5ad792bf60ef9c323cbac487748488da58d93e"
checksum = "sha256:5e8adcb6939fbccce3d3220d422db13257d5403f7d87ae7493864df4f45c3de3"

[[skill]]
name = "scientific-visualization"
source = "https://github.com/HughYau/AcademicForge.git"
kind = "git"
path = "scientific-visualization"
commit = "1e3ece9e82758e34ca442398bac6edcaf1c61ea6"
checksum = "sha256:dfe730f72015268b902a22d2e5f389cfaf5478463749e26fb865f4dff390bc74"

[[skill]]
name = "screen-paper"
source = ""
kind = "local"
checksum = "sha256:940411f8466e9a1da05d9df8366588ae84aa2fc35f8a338b207795d04609a0ef"

[[skill]]
name = "survey"
source = "https://github.com/QuantumBFS/sci-brain.git"
kind = "git"
path = "skills/survey"
commit = "3b5ad792bf60ef9c323cbac487748488da58d93e"
checksum = "sha256:517a4a3f533508bf154464e1e41139359ec20003a7989b5bc16c68dfa76292fd"
